<?xml version="1.0" encoding="utf-8"?>
<Project ToolsVersion="4.0" xmlns="http://schemas.microsoft.com/developer/msbuild/2003">
  <ItemGroup>
    <Filter Include="소스 파일">
      <UniqueIdentifier>{4FC737F1-C7A5-4376-A066-2A32D752A2FF}</UniqueIdentifier>
      <Extensions>cpp;c;cc;cxx;c++;def;odl;idl;hpj;bat;asm;asmx</Extensions>
    </Filter>
    <Filter Include="헤더 파일">
      <UniqueIdentifier>{93995380-89BD-4b04-88EB-625FBE52EBFB}</UniqueIdentifier>
      <Extensions>h;hh;hpp;hxx;h++;hm;inl;inc;ipp;xsd</Extensions>
    </Filter>
    <Filter Include="리소스 파일">
      <UniqueIdentifier>{67DA6AB6-F800-4c08-8B7A-83BB121AAD01}</UniqueIdentifier>
      <Extensions>rc;ico;cur;bmp;dlg;rc2;rct;bin;rgs;gif;jpg;jpeg;jpe;resx;tiff;tif;png;wav;mfcribbon-ms</Extensions>
    </Filter>
    <Filter Include="tinyXml">
      <UniqueIdentifier>{bc6cb3f6-ac0f-424e-a3ac-47a7f13d6f07}</UniqueIdentifier>
    </Filter>
    <Filter Include="Network">
      <UniqueIdentifier>{89d4c976-9614-48f9-883d-8dc0c394ca62}</UniqueIdentifier>
    </Filter>
    <Filter Include="Packet">
      <UniqueIdentifier>{6eeb4f5e-8a9a-4603-a111-e52ed14420a7}</UniqueIdentifier>
    </Filter>
    <Filter Include="Contents">
      <UniqueIdentifier>{c2bb417b-9afe-4669-9b4e-10e6f400f6cf}</UniqueIdentifier>
    </Filter>
    <Filter Include="Thread">
      <UniqueIdentifier>{7bb0695f-0d3a-4c87-a083-a228b423ed91}</UniqueIdentifier>
    </Filter>
    <Filter Include="Util">
      <UniqueIdentifier>{b3799bef-b0cb-44d5-847e-3b2b6c2de12c}</UniqueIdentifier>
    </Filter>
    <Filter Include="Database">
      <UniqueIdentifier>{bcce6c1c-ef4b-439f-b469-8d3d78722285}</UniqueIdentifier>
    </Filter>
    <Filter Include="MemoryLeak">
      <UniqueIdentifier>{373b8da2-1ef3-48ef-84ca-e7e9020473b6}</UniqueIdentifier>
    </Filter>
    <Filter Include="Game">
      <UniqueIdentifier>{3aa624a3-0cd8-4c42-8778-566532225135}</UniqueIdentifier>
    </Filter>
    <Filter Include="Game\User">
      <UniqueIdentifier>{6041d9e7-0262-4ef6-ba13-ef28811caa17}</UniqueIdentifier>
    </Filter>
    <Filter Include="Game\Room">
      <UniqueIdentifier>{3602c093-9a70-4fcc-b287-2f62ecaf535b}</UniqueIdentifier>
    </Filter>
  </ItemGroup>
  <ItemGroup>
    <ClCompile Include="main.cpp">
      <Filter>소스 파일</Filter>
    </ClCompile>
    <ClCompile Include="tinyXml\tinyxmlparser.cpp">
      <Filter>tinyXml</Filter>
    </ClCompile>
    <ClCompile Include="tinyXml\tinystr.cpp">
      <Filter>tinyXml</Filter>
    </ClCompile>
    <ClCompile Include="tinyXml\tinyxml.cpp">
      <Filter>tinyXml</Filter>
    </ClCompile>
    <ClCompile Include="tinyXml\tinyxmlerror.cpp">
      <Filter>tinyXml</Filter>
    </ClCompile>
    <ClCompile Include="Config.cpp">
      <Filter>Util</Filter>
    </ClCompile>
    <ClCompile Include="Clock.cpp">
      <Filter>Util</Filter>
    </ClCompile>
    <ClCompile Include="ContentsProcess.cpp">
      <Filter>Contents</Filter>
    </ClCompile>
    <ClCompile Include="GameObject.cpp">
      <Filter>Util</Filter>
    </ClCompile>
    <ClCompile Include="IOCPServer.cpp">
      <Filter>Network</Filter>
    </ClCompile>
    <ClCompile Include="IOCPSession.cpp">
      <Filter>Network</Filter>
    </ClCompile>
    <ClCompile Include="Lock.cpp">
      <Filter>Util</Filter>
    </ClCompile>
    <ClCompile Include="Logger.cpp">
      <Filter>Util</Filter>
    </ClCompile>
    <ClCompile Include="PacketAnalyzer.cpp">
      <Filter>Packet</Filter>
    </ClCompile>
    <ClCompile Include="PacketClass.cpp">
      <Filter>Packet</Filter>
    </ClCompile>
    <ClCompile Include="PacketFactory.cpp">
      <Filter>Packet</Filter>
    </ClCompile>
    <ClCompile Include="Package.cpp">
      <Filter>Packet</Filter>
    </ClCompile>
    <ClCompile Include="Session.cpp">
      <Filter>Network</Filter>
    </ClCompile>
    <ClCompile Include="SessionManager.cpp">
      <Filter>Network</Filter>
    </ClCompile>
    <ClCompile Include="Server.cpp">
      <Filter>Network</Filter>
    </ClCompile>
    <ClCompile Include="Shutdown.cpp">
      <Filter>Util</Filter>
    </ClCompile>
    <ClCompile Include="Stream.cpp">
      <Filter>Util</Filter>
    </ClCompile>
    <ClCompile Include="Task.cpp">
      <Filter>Util</Filter>
    </ClCompile>
    <ClCompile Include="Thread.cpp">
      <Filter>Thread</Filter>
    </ClCompile>
    <ClCompile Include="WinSock.cpp">
      <Filter>Util</Filter>
    </ClCompile>
    <ClCompile Include="pch.cpp">
      <Filter>소스 파일</Filter>
    </ClCompile>
    <ClCompile Include="Database.cpp">
      <Filter>Database</Filter>
    </ClCompile>
    <ClCompile Include="ServerClass.cpp">
      <Filter>소스 파일</Filter>
    </ClCompile>
    <ClCompile Include="UserManager.cpp">
      <Filter>Game\User</Filter>
    </ClCompile>
    <ClCompile Include="User.cpp">
      <Filter>Game\User</Filter>
    </ClCompile>
    <ClCompile Include="MemoryLeak.cpp">
      <Filter>MemoryLeak</Filter>
    </ClCompile>
    <ClCompile Include="RoomManager.cpp">
      <Filter>Game\Room</Filter>
    </ClCompile>
    <ClCompile Include="Room.cpp">
      <Filter>Game\Room</Filter>
    </ClCompile>
    <ClCompile Include="PacketProcess.cpp">
      <Filter>Contents</Filter>
    </ClCompile>
    <ClCompile Include="Monitoring.cpp">
      <Filter>Util</Filter>
    </ClCompile>
  </ItemGroup>
  <ItemGroup>
    <ClInclude Include="pch.h">
      <Filter>헤더 파일</Filter>
    </ClInclude>
    <ClInclude Include="tinyXml\tinystr.h">
      <Filter>tinyXml</Filter>
    </ClInclude>
    <ClInclude Include="tinyXml\tinyxml.h">
      <Filter>tinyXml</Filter>
    </ClInclude>
    <ClInclude Include="Clock.h">
      <Filter>Util</Filter>
    </ClInclude>
    <ClInclude Include="Config.h">
      <Filter>Util</Filter>
    </ClInclude>
    <ClInclude Include="ContentsProcess.h">
      <Filter>Contents</Filter>
    </ClInclude>
    <ClInclude Include="GameObject.h">
      <Filter>Util</Filter>
    </ClInclude>
    <ClInclude Include="IOCPServer.h">
      <Filter>Network</Filter>
    </ClInclude>
    <ClInclude Include="IOCPSession.h">
      <Filter>Network</Filter>
    </ClInclude>
    <ClInclude Include="Lock.h">
      <Filter>Util</Filter>
    </ClInclude>
    <ClInclude Include="Logger.h">
      <Filter>Util</Filter>
    </ClInclude>
    <ClInclude Include="PacketAnalyzer.h">
      <Filter>Packet</Filter>
    </ClInclude>
    <ClInclude Include="PacketClass.h">
      <Filter>Packet</Filter>
    </ClInclude>
    <ClInclude Include="PacketFactory.h">
      <Filter>Packet</Filter>
    </ClInclude>
    <ClInclude Include="PacketHeader.h">
      <Filter>Packet</Filter>
    </ClInclude>
    <ClInclude Include="Package.h">
      <Filter>Packet</Filter>
    </ClInclude>
    <ClInclude Include="Session.h">
      <Filter>Network</Filter>
    </ClInclude>
    <ClInclude Include="SessionManager.h">
      <Filter>Network</Filter>
    </ClInclude>
    <ClInclude Include="Server.h">
      <Filter>Network</Filter>
    </ClInclude>
    <ClInclude Include="Shutdown.h">
      <Filter>Util</Filter>
    </ClInclude>
    <ClInclude Include="Stream.h">
      <Filter>Util</Filter>
    </ClInclude>
    <ClInclude Include="Task.h">
      <Filter>Util</Filter>
    </ClInclude>
    <ClInclude Include="Thread.h">
      <Filter>Thread</Filter>
    </ClInclude>
    <ClInclude Include="ThreadJobQueue.h">
      <Filter>Thread</Filter>
    </ClInclude>
    <ClInclude Include="WinSock.h">
      <Filter>Util</Filter>
    </ClInclude>
    <ClInclude Include="Database.h">
      <Filter>Database</Filter>
    </ClInclude>
    <ClInclude Include="ServerClass.h">
      <Filter>헤더 파일</Filter>
    </ClInclude>
    <ClInclude Include="UserManager.h">
      <Filter>Game\User</Filter>
    </ClInclude>
    <ClInclude Include="User.h">
      <Filter>Game\User</Filter>
    </ClInclude>
    <ClInclude Include="MemoryLeak.h">
      <Filter>MemoryLeak</Filter>
    </ClInclude>
    <ClInclude Include="RoomManager.h">
      <Filter>Game\Room</Filter>
    </ClInclude>
    <ClInclude Include="Room.h">
      <Filter>Game\Room</Filter>
    </ClInclude>
    <ClInclude Include="PacketProcess.h">
      <Filter>Contents</Filter>
    </ClInclude>
    <ClInclude Include="Monitoring.h">
      <Filter>Util</Filter>
    </ClInclude>
  </ItemGroup>
  <ItemGroup>
    <Xml Include="config.xml">
      <Filter>헤더 파일</Filter>
    </Xml>
  </ItemGroup>
  <ItemGroup>
    <None Include="ClassDiagram.cd" />
    <None Include="ClassDiagram1.cd" />
  </ItemGroup>
</Project>